{
  "requires": true,
  "lockfileVersion": 1,
  "dependencies": {
    "emoji-datasource-apple": {
      "version": "5.0.1",
      "resolved": "https://registry.npmjs.org/emoji-datasource-apple/-/emoji-datasource-apple-5.0.1.tgz",
      "integrity": "sha512-VmbD3iwv5FS2XUuxzmRpkicGNwXWrMe45f5ZL6YkcMznp0YtCsKO2bCxsSZ41XU1aWtwH5IZDqF12038TC01kw=="
    },
    "emoji-datasource-facebook": {
      "version": "5.0.1",
      "resolved": "https://registry.npmjs.org/emoji-datasource-facebook/-/emoji-datasource-facebook-5.0.1.tgz",
      "integrity": "sha512-OLDHjoUqLaYSw5IWBcwRKsgLSuDCu6+3OILweGsPxNFCXQoOGc6CqPgT9mIYjGNZChm0W4ARehhByglipZDciQ=="
    },
    "emoji-datasource-google": {
      "version": "5.0.1",
      "resolved": "https://registry.npmjs.org/emoji-datasource-google/-/emoji-datasource-google-5.0.1.tgz",
      "integrity": "sha512-JLlz6tcuNRqg/BUhfWjWmOAaj8VhBvF7E88yRblMh+6c3IBmSeAqlYbepsavS1QPEhhvZICGUkch7+yxWTrRlQ=="
    },
    "emoji-datasource-twitter": {
      "version": "5.0.1",
      "resolved": "https://registry.npmjs.org/emoji-datasource-twitter/-/emoji-datasource-twitter-5.0.1.tgz",
      "integrity": "sha512-PiQav2Y6V/P3FjA6p5GJRhzbINv/yc6pn/YCuyJFmk/ZZzI++COXyPCC7SUv9HUeKnJWK+gdj1josUK0vCjvvA=="
    }
  }
}
