{
  "requires": true,
  "lockfileVersion": 1,
  "dependencies": {
    "emoji-datasource-apple": {
      "version": "5.0.1",
      "resolved": "https://registry.npmjs.org/emoji-datasource-apple/-/emoji-datasource-apple-5.0.1.tgz",
      "integrity": "sha512-VmbD3iwv5FS2XUuxzmRpkicGNwXWrMe45f5ZL6YkcMznp0YtCsKO2bCxsSZ41XU1aWtwH5IZDqF12038TC01kw=="
    }
  }
}
